# @generated - this file is auto-generated by `mise lock` https://mise.jdx.dev/dev-tools/mise-lock.html

[[tools.actionlint]]
version = "1.7.12"
backend = "aqua:rhysd/actionlint"

[tools.actionlint."platforms.linux-arm64"]
checksum = "sha256:325e971b6ba9bfa504672e29be93c24981eeb1c07576d730e9f7c8805afff0c6"
url = "https://github.com/rhysd/actionlint/releases/download/v1.7.12/actionlint_1.7.12_linux_arm64.tar.gz"
url_api = "https://api.github.com/repos/rhysd/actionlint/releases/assets/384924897"
provenance = "github-attestations"

[tools.actionlint."platforms.linux-arm64-musl"]
checksum = "sha256:325e971b6ba9bfa504672e29be93c24981eeb1c07576d730e9f7c8805afff0c6"
url = "https://github.com/rhysd/actionlint/releases/download/v1.7.12/actionlint_1.7.12_linux_arm64.tar.gz"
url_api = "https://api.github.com/repos/rhysd/actionlint/releases/assets/384924897"
provenance = "github-attestations"

[tools.actionlint."platforms.linux-x64"]
checksum = "sha256:8aca8db96f1b94770f1b0d72b6dddcb1ebb8123cb3712530b08cc387b349a3d8"
url = "https://github.com/rhysd/actionlint/releases/download/v1.7.12/actionlint_1.7.12_linux_amd64.tar.gz"
url_api = "https://api.github.com/repos/rhysd/actionlint/releases/assets/384924896"
provenance = "github-attestations"

[tools.actionlint."platforms.linux-x64-musl"]
checksum = "sha256:8aca8db96f1b94770f1b0d72b6dddcb1ebb8123cb3712530b08cc387b349a3d8"
url = "https://github.com/rhysd/actionlint/releases/download/v1.7.12/actionlint_1.7.12_linux_amd64.tar.gz"
url_api = "https://api.github.com/repos/rhysd/actionlint/releases/assets/384924896"
provenance = "github-attestations"

[tools.actionlint."platforms.macos-arm64"]
checksum = "sha256:aba9ced2dee8d27fecca3dc7feb1a7f9a52caefa1eb46f3271ea66b6e0e6953f"
url = "https://github.com/rhysd/actionlint/releases/download/v1.7.12/actionlint_1.7.12_darwin_arm64.tar.gz"
url_api = "https://api.github.com/repos/rhysd/actionlint/releases/assets/384924893"
provenance = "github-attestations"

[tools.actionlint."platforms.macos-x64"]
checksum = "sha256:5b44c3bc2255115c9b69e30efc0fecdf498fdb63c5d58e17084fd5f16324c644"
url = "https://github.com/rhysd/actionlint/releases/download/v1.7.12/actionlint_1.7.12_darwin_amd64.tar.gz"
url_api = "https://api.github.com/repos/rhysd/actionlint/releases/assets/384924880"
provenance = "github-attestations"

[tools.actionlint."platforms.windows-x64"]
checksum = "sha256:6e7241b51e6817ea6a047693d8e6fed13b31819c9a0dd6c5a726e1592d22f6e9"
url = "https://github.com/rhysd/actionlint/releases/download/v1.7.12/actionlint_1.7.12_windows_amd64.zip"
url_api = "https://api.github.com/repos/rhysd/actionlint/releases/assets/384924919"
provenance = "github-attestations"

[[tools.dprint]]
version = "0.55.2"
backend = "aqua:dprint/dprint"

[tools.dprint."platforms.linux-arm64"]
checksum = "sha256:f0101217dd0abc94f1ac01b83d306d0288aeee8a501e8614a5e2bbe037500be0"
url = "https://github.com/dprint/dprint/releases/download/0.55.2/dprint-aarch64-unknown-linux-musl.zip"
url_api = "https://api.github.com/repos/dprint/dprint/releases/assets/477041358"

[tools.dprint."platforms.linux-arm64-musl"]
checksum = "sha256:f0101217dd0abc94f1ac01b83d306d0288aeee8a501e8614a5e2bbe037500be0"
url = "https://github.com/dprint/dprint/releases/download/0.55.2/dprint-aarch64-unknown-linux-musl.zip"
url_api = "https://api.github.com/repos/dprint/dprint/releases/assets/477041358"

[tools.dprint."platforms.linux-x64"]
checksum = "sha256:45fc0eef3216af21c4c22c6e7e233aa45c3080fac07b6e94db7008a5c8e5c67a"
url = "https://github.com/dprint/dprint/releases/download/0.55.2/dprint-x86_64-unknown-linux-musl.zip"
url_api = "https://api.github.com/repos/dprint/dprint/releases/assets/477041351"

[tools.dprint."platforms.linux-x64-musl"]
checksum = "sha256:45fc0eef3216af21c4c22c6e7e233aa45c3080fac07b6e94db7008a5c8e5c67a"
url = "https://github.com/dprint/dprint/releases/download/0.55.2/dprint-x86_64-unknown-linux-musl.zip"
url_api = "https://api.github.com/repos/dprint/dprint/releases/assets/477041351"

[tools.dprint."platforms.macos-arm64"]
checksum = "sha256:e9ba8ed7988f3350501a8cf8af92da616cdec8d9d5c831c069293c587311b49d"
url = "https://github.com/dprint/dprint/releases/download/0.55.2/dprint-aarch64-apple-darwin.zip"
url_api = "https://api.github.com/repos/dprint/dprint/releases/assets/477041350"

[tools.dprint."platforms.macos-x64"]
checksum = "sha256:b7074cf6c814f995b783b5baa7e516b34e783c42c9baf7af553dbad731adb3a7"
url = "https://github.com/dprint/dprint/releases/download/0.55.2/dprint-x86_64-apple-darwin.zip"
url_api = "https://api.github.com/repos/dprint/dprint/releases/assets/477041364"

[tools.dprint."platforms.windows-x64"]
checksum = "sha256:12e8c26abc8c436223e70f5a30a2864001c92fa356a859eb93e06b97ab7dbd12"
url = "https://github.com/dprint/dprint/releases/download/0.55.2/dprint-x86_64-pc-windows-msvc.zip"
url_api = "https://api.github.com/repos/dprint/dprint/releases/assets/477041355"

[[tools.git-cliff]]
version = "2.13.1"
backend = "aqua:orhun/git-cliff"

[tools.git-cliff."platforms.linux-arm64"]
checksum = "sha256:4054c124b926c117f3fa048939bc8be0a954f29f3b6f367627e8cb22c1971882"
url = "https://github.com/orhun/git-cliff/releases/download/v2.13.1/git-cliff-2.13.1-aarch64-unknown-linux-musl.tar.gz"
url_api = "https://api.github.com/repos/orhun/git-cliff/releases/assets/405850720"

[tools.git-cliff."platforms.linux-arm64-musl"]
checksum = "sha256:4054c124b926c117f3fa048939bc8be0a954f29f3b6f367627e8cb22c1971882"
url = "https://github.com/orhun/git-cliff/releases/download/v2.13.1/git-cliff-2.13.1-aarch64-unknown-linux-musl.tar.gz"
url_api = "https://api.github.com/repos/orhun/git-cliff/releases/assets/405850720"

[tools.git-cliff."platforms.linux-x64"]
checksum = "sha256:200d2535da6d9703f3bcc8a4d159c3b55eacdb01cf2148c55b3eee9dd04d5249"
url = "https://github.com/orhun/git-cliff/releases/download/v2.13.1/git-cliff-2.13.1-x86_64-unknown-linux-musl.tar.gz"
url_api = "https://api.github.com/repos/orhun/git-cliff/releases/assets/405850671"

[tools.git-cliff."platforms.linux-x64-musl"]
checksum = "sha256:200d2535da6d9703f3bcc8a4d159c3b55eacdb01cf2148c55b3eee9dd04d5249"
url = "https://github.com/orhun/git-cliff/releases/download/v2.13.1/git-cliff-2.13.1-x86_64-unknown-linux-musl.tar.gz"
url_api = "https://api.github.com/repos/orhun/git-cliff/releases/assets/405850671"

[tools.git-cliff."platforms.macos-arm64"]
checksum = "sha256:21547ae4a0421164070ab75c2522864ea5565858a011fabc5f583061b20f1226"
url = "https://github.com/orhun/git-cliff/releases/download/v2.13.1/git-cliff-2.13.1-aarch64-apple-darwin.tar.gz"
url_api = "https://api.github.com/repos/orhun/git-cliff/releases/assets/405849885"

[tools.git-cliff."platforms.macos-x64"]
checksum = "sha256:6e60ae390d375cecb9d8008c49f0e724a8dfe40390b532ef5501e421d2cc8acb"
url = "https://github.com/orhun/git-cliff/releases/download/v2.13.1/git-cliff-2.13.1-x86_64-apple-darwin.tar.gz"
url_api = "https://api.github.com/repos/orhun/git-cliff/releases/assets/405850193"

[tools.git-cliff."platforms.windows-x64"]
checksum = "sha256:3ae3a5549e85c7ad5b20192ebcfee4371269deca51255f6f2f2e051c6541f5ca"
url = "https://github.com/orhun/git-cliff/releases/download/v2.13.1/git-cliff-2.13.1-x86_64-pc-windows-msvc.zip"
url_api = "https://api.github.com/repos/orhun/git-cliff/releases/assets/405851866"

[[tools.git-lfs]]
version = "3.7.1"
backend = "aqua:git-lfs/git-lfs"

[tools.git-lfs."platforms.linux-arm64"]
checksum = "sha256:73a9c90eeb4312133a63c3eaee0c38c019ea7bfa0953d174809d25b18588dd8d"
url = "https://github.com/git-lfs/git-lfs/releases/download/v3.7.1/git-lfs-linux-arm64-v3.7.1.tar.gz"
url_api = "https://api.github.com/repos/git-lfs/git-lfs/releases/assets/305262644"

[tools.git-lfs."platforms.linux-arm64-musl"]
checksum = "sha256:73a9c90eeb4312133a63c3eaee0c38c019ea7bfa0953d174809d25b18588dd8d"
url = "https://github.com/git-lfs/git-lfs/releases/download/v3.7.1/git-lfs-linux-arm64-v3.7.1.tar.gz"
url_api = "https://api.github.com/repos/git-lfs/git-lfs/releases/assets/305262644"

[tools.git-lfs."platforms.linux-x64"]
checksum = "sha256:1c0b6ee5200ca708c5cebebb18fdeb0e1c98f1af5c1a9cba205a4c0ab5a5ec08"
url = "https://github.com/git-lfs/git-lfs/releases/download/v3.7.1/git-lfs-linux-amd64-v3.7.1.tar.gz"
url_api = "https://api.github.com/repos/git-lfs/git-lfs/releases/assets/305262626"

[tools.git-lfs."platforms.linux-x64-musl"]
checksum = "sha256:1c0b6ee5200ca708c5cebebb18fdeb0e1c98f1af5c1a9cba205a4c0ab5a5ec08"
url = "https://github.com/git-lfs/git-lfs/releases/download/v3.7.1/git-lfs-linux-amd64-v3.7.1.tar.gz"
url_api = "https://api.github.com/repos/git-lfs/git-lfs/releases/assets/305262626"

[tools.git-lfs."platforms.macos-arm64"]
checksum = "sha256:76260fb34f4ee622ff0a66b857e5954aa49c7e343a92e57a1ec4a760618c94b2"
url = "https://github.com/git-lfs/git-lfs/releases/download/v3.7.1/git-lfs-darwin-arm64-v3.7.1.zip"
url_api = "https://api.github.com/repos/git-lfs/git-lfs/releases/assets/305262593"

[tools.git-lfs."platforms.macos-x64"]
checksum = "sha256:b5b1b641c0648c83661fa9eda991cd3eff945264dabc2cdf411a80dfe7ec0970"
url = "https://github.com/git-lfs/git-lfs/releases/download/v3.7.1/git-lfs-darwin-amd64-v3.7.1.zip"
url_api = "https://api.github.com/repos/git-lfs/git-lfs/releases/assets/305262587"

[tools.git-lfs."platforms.windows-x64"]
checksum = "sha256:8683cdc3d6c029b49393dcebbaa6265bd6efd9abdcf837be855b4cd42e5e80b6"
url = "https://github.com/git-lfs/git-lfs/releases/download/v3.7.1/git-lfs-windows-amd64-v3.7.1.zip"
url_api = "https://api.github.com/repos/git-lfs/git-lfs/releases/assets/305262684"

[[tools."github:BarredEwe/Prefire"]]
version = "5.7.0"
backend = "github:BarredEwe/Prefire"

[tools."github:BarredEwe/Prefire"."platforms.linux-arm64"]
checksum = "sha256:8f8a1d95cadc705fdbd950a72aee95e5a59f90a41dcd17e300f95c8becc6121b"
url = "https://github.com/BarredEwe/Prefire/releases/download/5.7.0/prefire.tar.gz"
url_api = "https://api.github.com/repos/BarredEwe/Prefire/releases/assets/471183079"

[tools."github:BarredEwe/Prefire"."platforms.linux-arm64-musl"]
checksum = "sha256:8f8a1d95cadc705fdbd950a72aee95e5a59f90a41dcd17e300f95c8becc6121b"
url = "https://github.com/BarredEwe/Prefire/releases/download/5.7.0/prefire.tar.gz"
url_api = "https://api.github.com/repos/BarredEwe/Prefire/releases/assets/471183079"

[tools."github:BarredEwe/Prefire"."platforms.linux-x64"]
checksum = "sha256:8f8a1d95cadc705fdbd950a72aee95e5a59f90a41dcd17e300f95c8becc6121b"
url = "https://github.com/BarredEwe/Prefire/releases/download/5.7.0/prefire.tar.gz"
url_api = "https://api.github.com/repos/BarredEwe/Prefire/releases/assets/471183079"

[tools."github:BarredEwe/Prefire"."platforms.linux-x64-musl"]
checksum = "sha256:8f8a1d95cadc705fdbd950a72aee95e5a59f90a41dcd17e300f95c8becc6121b"
url = "https://github.com/BarredEwe/Prefire/releases/download/5.7.0/prefire.tar.gz"
url_api = "https://api.github.com/repos/BarredEwe/Prefire/releases/assets/471183079"

[tools."github:BarredEwe/Prefire"."platforms.macos-arm64"]
checksum = "sha256:8f8a1d95cadc705fdbd950a72aee95e5a59f90a41dcd17e300f95c8becc6121b"
url = "https://github.com/BarredEwe/Prefire/releases/download/5.7.0/prefire.tar.gz"
url_api = "https://api.github.com/repos/BarredEwe/Prefire/releases/assets/471183079"

[tools."github:BarredEwe/Prefire"."platforms.macos-x64"]
checksum = "sha256:8f8a1d95cadc705fdbd950a72aee95e5a59f90a41dcd17e300f95c8becc6121b"
url = "https://github.com/BarredEwe/Prefire/releases/download/5.7.0/prefire.tar.gz"
url_api = "https://api.github.com/repos/BarredEwe/Prefire/releases/assets/471183079"

[tools."github:BarredEwe/Prefire"."platforms.windows-x64"]
checksum = "sha256:8f8a1d95cadc705fdbd950a72aee95e5a59f90a41dcd17e300f95c8becc6121b"
url = "https://github.com/BarredEwe/Prefire/releases/download/5.7.0/prefire.tar.gz"
url_api = "https://api.github.com/repos/BarredEwe/Prefire/releases/assets/471183079"

[[tools."github:rorkai/App-Store-Connect-CLI"]]
version = "3.7.0"
backend = "github:rorkai/App-Store-Connect-CLI"

[tools."github:rorkai/App-Store-Connect-CLI"."platforms.linux-arm64"]
checksum = "sha256:40342bead4369d971db137f22bf91689d23e083a67a8a75355c734847ee629cf"
url = "https://github.com/rorkai/App-Store-Connect-CLI/releases/download/3.7.0/asc_3.7.0_linux_arm64"
url_api = "https://api.github.com/repos/rorkai/App-Store-Connect-CLI/releases/assets/507663322"

[tools."github:rorkai/App-Store-Connect-CLI"."platforms.linux-arm64-musl"]
checksum = "sha256:40342bead4369d971db137f22bf91689d23e083a67a8a75355c734847ee629cf"
url = "https://github.com/rorkai/App-Store-Connect-CLI/releases/download/3.7.0/asc_3.7.0_linux_arm64"
url_api = "https://api.github.com/repos/rorkai/App-Store-Connect-CLI/releases/assets/507663322"

[tools."github:rorkai/App-Store-Connect-CLI"."platforms.linux-x64"]
checksum = "sha256:bf5fb4a44753a2f9edb797e727c5797422555c36a50843313057a7a3f4a0e0d4"
url = "https://github.com/rorkai/App-Store-Connect-CLI/releases/download/3.7.0/asc_3.7.0_linux_amd64"
url_api = "https://api.github.com/repos/rorkai/App-Store-Connect-CLI/releases/assets/507663273"

[tools."github:rorkai/App-Store-Connect-CLI"."platforms.linux-x64-musl"]
checksum = "sha256:bf5fb4a44753a2f9edb797e727c5797422555c36a50843313057a7a3f4a0e0d4"
url = "https://github.com/rorkai/App-Store-Connect-CLI/releases/download/3.7.0/asc_3.7.0_linux_amd64"
url_api = "https://api.github.com/repos/rorkai/App-Store-Connect-CLI/releases/assets/507663273"

[tools."github:rorkai/App-Store-Connect-CLI"."platforms.macos-arm64"]
checksum = "sha256:610be35610237ba118822004ed69ed776244bd265442df00870102a1bce4803d"
url = "https://github.com/rorkai/App-Store-Connect-CLI/releases/download/3.7.0/asc_3.7.0_macOS_arm64"
url_api = "https://api.github.com/repos/rorkai/App-Store-Connect-CLI/releases/assets/507663389"

[tools."github:rorkai/App-Store-Connect-CLI"."platforms.macos-x64"]
checksum = "sha256:9bc2f272a5a3b8288ca27bb17cd30180a83a6b06c0f44d33429a73a79e7bfef5"
url = "https://github.com/rorkai/App-Store-Connect-CLI/releases/download/3.7.0/asc_3.7.0_macOS_amd64"
url_api = "https://api.github.com/repos/rorkai/App-Store-Connect-CLI/releases/assets/507663350"

[tools."github:rorkai/App-Store-Connect-CLI"."platforms.windows-x64"]
checksum = "sha256:4906415019d43cc282218f26b131fe8f9af1860c2045b15d983dcacc39f9dfb3"
url = "https://github.com/rorkai/App-Store-Connect-CLI/releases/download/3.7.0/asc_3.7.0_windows_amd64.exe"
url_api = "https://api.github.com/repos/rorkai/App-Store-Connect-CLI/releases/assets/507663409"

[[tools.hk]]
version = "1.54.0"
backend = "aqua:jdx/hk"

[tools.hk."platforms.linux-arm64"]
checksum = "sha256:79458d7464bbdf63cd578ef9ece71003d3e53a993f9fa630888b93d3ae24dd79"
url = "https://github.com/jdx/hk/releases/download/v1.54.0/hk-aarch64-unknown-linux-gnu.tar.gz"
url_api = "https://api.github.com/repos/jdx/hk/releases/assets/496037128"

[tools.hk."platforms.linux-arm64-musl"]
checksum = "sha256:c1ad33f83265363440c7fc77656e604532049f038c42d7b8924fc43e5a3b935d"
url = "https://github.com/jdx/hk/releases/download/v1.54.0/hk-aarch64-unknown-linux-musl.tar.gz"
url_api = "https://api.github.com/repos/jdx/hk/releases/assets/496037132"

[tools.hk."platforms.linux-x64"]
checksum = "sha256:467f691713b1afbeada4df662bd44696405cd987a5c7f64fee0fe71399628d0c"
url = "https://github.com/jdx/hk/releases/download/v1.54.0/hk-x86_64-unknown-linux-gnu.tar.gz"
url_api = "https://api.github.com/repos/jdx/hk/releases/assets/496037136"

[tools.hk."platforms.linux-x64-musl"]
checksum = "sha256:ddce69611ce32a08b481dd3ccd5c700b1d535d12c86be784bc6d74b1d6256546"
url = "https://github.com/jdx/hk/releases/download/v1.54.0/hk-x86_64-unknown-linux-musl.tar.gz"
url_api = "https://api.github.com/repos/jdx/hk/releases/assets/496037135"

[tools.hk."platforms.macos-arm64"]
checksum = "sha256:54e47c56f64916e63004b68ae848637e3e90d06f89e3ae8de985ebc35fd9f7e7"
url = "https://github.com/jdx/hk/releases/download/v1.54.0/hk-aarch64-apple-darwin.tar.gz"
url_api = "https://api.github.com/repos/jdx/hk/releases/assets/496037130"

[tools.hk."platforms.windows-x64"]
checksum = "sha256:ab0f65942c89c72b322c700bf427926f54db84fd2827121eab03287144d2ec64"
url = "https://github.com/jdx/hk/releases/download/v1.54.0/hk-x86_64-pc-windows-msvc.zip"
url_api = "https://api.github.com/repos/jdx/hk/releases/assets/496037131"

[[tools.python]]
version = "3.12.13"
backend = "core:python"

[tools.python."platforms.linux-arm64"]
checksum = "sha256:5779f28830c6c5f32184c41e0a1c4afb355961cf9fbce18f43391d083a2ae924"
url = "https://github.com/astral-sh/python-build-standalone/releases/download/20260804/cpython-3.12.13+20260804-aarch64-unknown-linux-gnu-install_only_stripped.tar.gz"
provenance = "github-attestations"

[tools.python."platforms.linux-arm64-musl"]
checksum = "sha256:0433f0773382c086a39201ebd8bc8f72989490ac7a2f3e17565d46e0a52740ea"
url = "https://github.com/astral-sh/python-build-standalone/releases/download/20260804/cpython-3.12.13+20260804-aarch64-unknown-linux-musl-install_only_stripped.tar.gz"
provenance = "github-attestations"

[tools.python."platforms.linux-x64"]
checksum = "sha256:ce2c9c5df1b99a962a86d2f457656918ee5f01b2edea080db28416232a1fcb11"
url = "https://github.com/astral-sh/python-build-standalone/releases/download/20260804/cpython-3.12.13+20260804-x86_64-unknown-linux-gnu-install_only_stripped.tar.gz"
provenance = "github-attestations"

[tools.python."platforms.linux-x64-musl"]
checksum = "sha256:35e884cdc86a4f05b975dc0d46cc74d6466aafdd8e6e20232c4f833123f8cc55"
url = "https://github.com/astral-sh/python-build-standalone/releases/download/20260804/cpython-3.12.13+20260804-x86_64-unknown-linux-musl-install_only_stripped.tar.gz"
provenance = "github-attestations"

[tools.python."platforms.macos-arm64"]
checksum = "sha256:b00971ee829e39965e2bda5585666dfdcc74bd1bd97f4b75071b3b05cecf52fd"
url = "https://github.com/astral-sh/python-build-standalone/releases/download/20260804/cpython-3.12.13+20260804-aarch64-apple-darwin-install_only_stripped.tar.gz"
provenance = "github-attestations"

[tools.python."platforms.macos-x64"]
checksum = "sha256:23c1069b954060a875cce80a2d98afe9ca20b8e5244cf8df6c9475497d78bc4c"
url = "https://github.com/astral-sh/python-build-standalone/releases/download/20260804/cpython-3.12.13+20260804-x86_64-apple-darwin-install_only_stripped.tar.gz"
provenance = "github-attestations"

[tools.python."platforms.windows-x64"]
checksum = "sha256:7651644d6060b44ec4ba0823b8769adba094927fea6acdc46594623f45786076"
url = "https://github.com/astral-sh/python-build-standalone/releases/download/20260804/cpython-3.12.13+20260804-x86_64-pc-windows-msvc-install_only_stripped.tar.gz"
provenance = "github-attestations"

[[tools.swiftformat]]
version = "0.62.1"
backend = "asdf:swiftformat"

[[tools.swiftlint]]
version = "0.65.0"
backend = "aqua:realm/SwiftLint"

[tools.swiftlint."platforms.linux-arm64"]
checksum = "sha256:12d3b84bc5b69ae13a99a5a5c79904f9ce25867f099f6368d0037854f9ee6c26"
url = "https://github.com/realm/SwiftLint/releases/download/0.65.0/swiftlint_linux_arm64.zip"
url_api = "https://api.github.com/repos/realm/SwiftLint/releases/assets/459315166"

[tools.swiftlint."platforms.linux-arm64-musl"]
checksum = "sha256:12d3b84bc5b69ae13a99a5a5c79904f9ce25867f099f6368d0037854f9ee6c26"
url = "https://github.com/realm/SwiftLint/releases/download/0.65.0/swiftlint_linux_arm64.zip"
url_api = "https://api.github.com/repos/realm/SwiftLint/releases/assets/459315166"

[tools.swiftlint."platforms.linux-x64"]
checksum = "sha256:79306a34e5c7cc55a220cd108cbb861dcad5f10138dcdf261e2624ae8b0a486b"
url = "https://github.com/realm/SwiftLint/releases/download/0.65.0/swiftlint_linux_amd64.zip"
url_api = "https://api.github.com/repos/realm/SwiftLint/releases/assets/459315165"

[tools.swiftlint."platforms.linux-x64-musl"]
checksum = "sha256:79306a34e5c7cc55a220cd108cbb861dcad5f10138dcdf261e2624ae8b0a486b"
url = "https://github.com/realm/SwiftLint/releases/download/0.65.0/swiftlint_linux_amd64.zip"
url_api = "https://api.github.com/repos/realm/SwiftLint/releases/assets/459315165"

[tools.swiftlint."platforms.macos-arm64"]
checksum = "sha256:d6cb0aa7a2f5f1ef306fc9e37bcb54dc9a26facc8f7784ac0c3dd3eccf5c6ba6"
url = "https://github.com/realm/SwiftLint/releases/download/0.65.0/portable_swiftlint.zip"
url_api = "https://api.github.com/repos/realm/SwiftLint/releases/assets/459315152"

[tools.swiftlint."platforms.macos-x64"]
checksum = "sha256:d6cb0aa7a2f5f1ef306fc9e37bcb54dc9a26facc8f7784ac0c3dd3eccf5c6ba6"
url = "https://github.com/realm/SwiftLint/releases/download/0.65.0/portable_swiftlint.zip"
url_api = "https://api.github.com/repos/realm/SwiftLint/releases/assets/459315152"

[[tools.tuist]]
version = "4.203.1"
backend = "aqua:tuist/tuist"

[tools.tuist."platforms.linux-arm64"]
checksum = "sha256:9687776f91b91e7fc64854686dd0950d99aa9a765eca44c02651543784c1617e"
url = "https://github.com/tuist/tuist/releases/download/4.203.1/tuist-linux-aarch64.tar.gz"
url_api = "https://api.github.com/repos/tuist/tuist/releases/assets/496275645"

[tools.tuist."platforms.linux-arm64-musl"]
checksum = "sha256:9687776f91b91e7fc64854686dd0950d99aa9a765eca44c02651543784c1617e"
url = "https://github.com/tuist/tuist/releases/download/4.203.1/tuist-linux-aarch64.tar.gz"
url_api = "https://api.github.com/repos/tuist/tuist/releases/assets/496275645"

[tools.tuist."platforms.linux-x64"]
checksum = "sha256:83003d39cc18a258a496456f0c8cd491dedd194d587066a9b40d0763f388f1ec"
url = "https://github.com/tuist/tuist/releases/download/4.203.1/tuist-linux-x86_64.tar.gz"
url_api = "https://api.github.com/repos/tuist/tuist/releases/assets/496275650"

[tools.tuist."platforms.linux-x64-musl"]
checksum = "sha256:83003d39cc18a258a496456f0c8cd491dedd194d587066a9b40d0763f388f1ec"
url = "https://github.com/tuist/tuist/releases/download/4.203.1/tuist-linux-x86_64.tar.gz"
url_api = "https://api.github.com/repos/tuist/tuist/releases/assets/496275650"

[tools.tuist."platforms.macos-arm64"]
checksum = "sha256:7af01272af69a460729f82de71d68cd34a35bb3b21622cfd12c0c7b74e1a1b3b"
url = "https://github.com/tuist/tuist/releases/download/4.203.1/tuist.zip"
url_api = "https://api.github.com/repos/tuist/tuist/releases/assets/496275652"

[tools.tuist."platforms.macos-x64"]
checksum = "sha256:7af01272af69a460729f82de71d68cd34a35bb3b21622cfd12c0c7b74e1a1b3b"
url = "https://github.com/tuist/tuist/releases/download/4.203.1/tuist.zip"
url_api = "https://api.github.com/repos/tuist/tuist/releases/assets/496275652"

[[tools.uv]]
version = "0.12.1"
backend = "aqua:astral-sh/uv"

[tools.uv."platforms.linux-arm64"]
checksum = "sha256:ce218dad9eb48a39dd86160bec6291fac7275f20a9cabcc4bc10dd2c757208f8"
url = "https://github.com/astral-sh/uv/releases/download/0.12.1/uv-aarch64-unknown-linux-musl.tar.gz"
url_api = "https://api.github.com/repos/astral-sh/uv/releases/assets/497097080"
provenance = "github-attestations"

[tools.uv."platforms.linux-arm64-musl"]
checksum = "sha256:ce218dad9eb48a39dd86160bec6291fac7275f20a9cabcc4bc10dd2c757208f8"
url = "https://github.com/astral-sh/uv/releases/download/0.12.1/uv-aarch64-unknown-linux-musl.tar.gz"
url_api = "https://api.github.com/repos/astral-sh/uv/releases/assets/497097080"
provenance = "github-attestations"

[tools.uv."platforms.linux-x64"]
checksum = "sha256:47823f814693bab8623308341369190de30b5c621eec5b1ee20352eae8c7982c"
url = "https://github.com/astral-sh/uv/releases/download/0.12.1/uv-x86_64-unknown-linux-musl.tar.gz"
url_api = "https://api.github.com/repos/astral-sh/uv/releases/assets/497097157"
provenance = "github-attestations"

[tools.uv."platforms.linux-x64-musl"]
checksum = "sha256:47823f814693bab8623308341369190de30b5c621eec5b1ee20352eae8c7982c"
url = "https://github.com/astral-sh/uv/releases/download/0.12.1/uv-x86_64-unknown-linux-musl.tar.gz"
url_api = "https://api.github.com/repos/astral-sh/uv/releases/assets/497097157"
provenance = "github-attestations"

[tools.uv."platforms.macos-arm64"]
checksum = "sha256:77d2906988e8074fd43f2f329ec452ebbf9b0c257ba1c66451c71de70a6baf42"
url = "https://github.com/astral-sh/uv/releases/download/0.12.1/uv-aarch64-apple-darwin.tar.gz"
url_api = "https://api.github.com/repos/astral-sh/uv/releases/assets/497097062"
provenance = "github-attestations"

[tools.uv."platforms.macos-x64"]
checksum = "sha256:69d9f9a00337f25a50dcb13882052da08b8469bac11091c98c5694c3c6721467"
url = "https://github.com/astral-sh/uv/releases/download/0.12.1/uv-x86_64-apple-darwin.tar.gz"
url_api = "https://api.github.com/repos/astral-sh/uv/releases/assets/497097144"
provenance = "github-attestations"

[tools.uv."platforms.windows-x64"]
checksum = "sha256:8fcb0cb46e1229065e344758980924e569bef5882ef45f46fada8fb24e06b74a"
url = "https://github.com/astral-sh/uv/releases/download/0.12.1/uv-x86_64-pc-windows-msvc.zip"
url_api = "https://api.github.com/repos/astral-sh/uv/releases/assets/497097149"
provenance = "github-attestations"

[[tools.xcsift]]
version = "1.3.1"
backend = "github:ldomaradzki/xcsift"

[tools.xcsift."platforms.linux-x64"]
checksum = "sha256:36544ae47ffbb30f73f3cee0ef4030652d50311d21b7e4f3550e8075ad937f3e"
url = "https://github.com/ldomaradzki/xcsift/releases/download/v1.3.1/xcsift-v1.3.1-linux-x64.tar.gz"
url_api = "https://api.github.com/repos/ldomaradzki/xcsift/releases/assets/449512567"

[tools.xcsift."platforms.linux-x64-musl"]
checksum = "sha256:36544ae47ffbb30f73f3cee0ef4030652d50311d21b7e4f3550e8075ad937f3e"
url = "https://github.com/ldomaradzki/xcsift/releases/download/v1.3.1/xcsift-v1.3.1-linux-x64.tar.gz"
url_api = "https://api.github.com/repos/ldomaradzki/xcsift/releases/assets/449512567"

[tools.xcsift."platforms.macos-arm64"]
checksum = "sha256:76642a5c4ed0ab82e73fc3d4c4f4bc7c39c48eed2c2ce92871484d7ab4e384e4"
url = "https://github.com/ldomaradzki/xcsift/releases/download/v1.3.1/xcsift-v1.3.1-macos-arm64.tar.gz"
url_api = "https://api.github.com/repos/ldomaradzki/xcsift/releases/assets/449512565"
